Microsoft Visual Studio Solution File, Format Version 12.00
# Visual Studio Version 17
VisualStudioVersion = 17.5.2.0
MinimumVisualStudioVersion = 10.0.40219.1
Project("{2150E333-8FDC-42A3-9474-1A3956D46DE8}") = "dev", "dev", "{927EA651-2681-4AEB-E3A3-5C3CA4D22F3C}"
EndProject
Project("{2150E333-8FDC-42A3-9474-1A3956D46DE8}") = "backend", "backend", "{C7958025-078F-C970-9C47-AC5B0BBB1D52}"
EndProject
Project("{FAE04EC0-301F-11D3-BF4B-00C04F79EFBC}") = "Backend", "dev\backend\Backend\Backend.csproj", "{AA56E259-AF21-9AB1-8198-AD631BDF0FCA}"
EndProject
Global
	GlobalSection(SolutionConfigurationPlatforms) = preSolution
		Debug|Any CPU = Debug|Any CPU
		Release|Any CPU = Release|Any CPU
	EndGlobalSection
	GlobalSection(ProjectConfigurationPlatforms) = postSolution
		{AA56E259-AF21-9AB1-8198-AD631BDF0FCA}.Debug|Any CPU.ActiveCfg = Debug|Any CPU
		{AA56E259-AF21-9AB1-8198-AD631BDF0FCA}.Debug|Any CPU.Build.0 = Debug|Any CPU
		{AA56E259-AF21-9AB1-8198-AD631BDF0FCA}.Release|Any CPU.ActiveCfg = Release|Any CPU
		{AA56E259-AF21-9AB1-8198-AD631BDF0FCA}.Release|Any CPU.Build.0 = Release|Any CPU
	EndGlobalSection
	GlobalSection(SolutionProperties) = preSolution
		HideSolutionNode = FALSE
	EndGlobalSection
	GlobalSection(NestedProjects) = preSolution
		{C7958025-078F-C970-9C47-AC5B0BBB1D52} = {927EA651-2681-4AEB-E3A3-5C3CA4D22F3C}
		{AA56E259-AF21-9AB1-8198-AD631BDF0FCA} = {C7958025-078F-C970-9C47-AC5B0BBB1D52}
	EndGlobalSection
	GlobalSection(ExtensibilityGlobals) = postSolution
		SolutionGuid = {69F898F1-EAC5-46B1-8C03-EF3FA3B60D78}
	EndGlobalSection
EndGlobal
